
Microsoft Visual Studio Solution File, Format Version 12.00
# Visual Studio Version 17
VisualStudioVersion = 17.13.35825.156
MinimumVisualStudioVersion = 10.0.40219.1
Project("{2150E333-8FDC-42A3-9474-1A3956D46DE8}") = "src", "src", "{827E0CD3-B72D-47B6-A68D-7590B98EB39B}"
EndProject
Project("{FAE04EC0-301F-11D3-BF4B-00C04F79EFBC}") = "InterviewSimulator.Scraping.Core", "src\InterviewSimulator.Scraping.Core\InterviewSimulator.Scraping.Core.csproj", "{FFF43CA9-6E76-4937-9595-5EF37C4186A3}"
EndProject
Project("{FAE04EC0-301F-11D3-BF4B-00C04F79EFBC}") = "InterviewSimulator.Scraping.Scrapers", "src\InterviewSimulator.Scraping.Scrapers\InterviewSimulator.Scraping.Scrapers.csproj", "{877C2D0B-D184-4C4E-A749-2C847FE651CD}"
EndProject
Project("{FAE04EC0-301F-11D3-BF4B-00C04F79EFBC}") = "InterviewSimulator.Scraping.Classifier", "src\InterviewSimulator.Scraping.Classifier\InterviewSimulator.Scraping.Classifier.csproj", "{57FEB409-99D7-4D66-A3FF-A85E6C8F8E8A}"
EndProject
Project("{FAE04EC0-301F-11D3-BF4B-00C04F79EFBC}") = "InterviewSimulator.Scraping.Data", "src\InterviewSimulator.Scraping.Data\InterviewSimulator.Scraping.Data.csproj", "{D8BD8A60-CC78-433C-979A-923C688D8EF6}"
EndProject
Project("{FAE04EC0-301F-11D3-BF4B-00C04F79EFBC}") = "InterviewSimulator.Scraping.Worker", "src\InterviewSimulator.Scraping.Worker\InterviewSimulator.Scraping.Worker.csproj", "{6D7209A3-8863-4033-917A-FFA6C4AD387D}"
EndProject
Project("{FAE04EC0-301F-11D3-BF4B-00C04F79EFBC}") = "InterviewSimulator.Scraping.Tests.Unit", "tests\InterviewSimulator.Scraping.Tests.Unit\InterviewSimulator.Scraping.Tests.Unit.csproj", "{09B26E96-E11B-4032-8AD5-136ED3A4B89D}"
EndProject
Project("{FAE04EC0-301F-11D3-BF4B-00C04F79EFBC}") = "InterviewSimulator.RAG.Core", "src\InterviewSimulator.RAG.Core\InterviewSimulator.RAG.Core.csproj", "{6D943F49-D5B8-4945-B21D-C327D14500C3}"
EndProject
Project("{FAE04EC0-301F-11D3-BF4B-00C04F79EFBC}") = "InterviewSimulator.RAG.Data", "src\InterviewSimulator.RAG.Data\InterviewSimulator.RAG.Data.csproj", "{56CB006B-9CEE-4C6A-93AF-999357E7A5C4}"
EndProject
Project("{FAE04EC0-301F-11D3-BF4B-00C04F79EFBC}") = "InterviewSimulator.RAG.Processing", "src\InterviewSimulator.RAG.Processing\InterviewSimulator.RAG.Processing.csproj", "{6E3E4198-2659-45A5-ADC6-4E708A4635B0}"
EndProject
Project("{FAE04EC0-301F-11D3-BF4B-00C04F79EFBC}") = "InterviewSimulator.RAG.Embedding", "src\InterviewSimulator.RAG.Embedding\InterviewSimulator.RAG.Embedding.csproj", "{2E0FA86F-C22C-45C8-A78B-D2470117EF73}"
EndProject
Project("{FAE04EC0-301F-11D3-BF4B-00C04F79EFBC}") = "InterviewSimulator.RAG.VectorStore", "src\InterviewSimulator.RAG.VectorStore\InterviewSimulator.RAG.VectorStore.csproj", "{C2B4535D-6F32-49D6-934F-0F17316DFE33}"
EndProject
Project("{FAE04EC0-301F-11D3-BF4B-00C04F79EFBC}") = "InterviewSimulator.RAG.Retrieval", "src\InterviewSimulator.RAG.Retrieval\InterviewSimulator.RAG.Retrieval.csproj", "{1442D956-65D9-4F50-90A6-A9DBCB5CADBC}"
EndProject
Project("{FAE04EC0-301F-11D3-BF4B-00C04F79EFBC}") = "InterviewSimulator.RAG.Worker", "src\InterviewSimulator.RAG.Worker\InterviewSimulator.RAG.Worker.csproj", "{B43D62C0-008C-49A7-879A-7B3DADB7100B}"
EndProject
Project("{2150E333-8FDC-42A3-9474-1A3956D46DE8}") = "tests", "tests", "{0AB3BF05-4346-4AA6-1389-037BE0695223}"
EndProject
Project("{FAE04EC0-301F-11D3-BF4B-00C04F79EFBC}") = "InterviewSimulator.RAG.Tests.Unit", "tests\InterviewSimulator.RAG.Tests.Unit\InterviewSimulator.RAG.Tests.Unit.csproj", "{A0DFA51A-D5AC-4623-BA0D-7E47AC4221D3}"
EndProject
Global
	GlobalSection(SolutionConfigurationPlatforms) = preSolution
		Debug|Any CPU = Debug|Any CPU
		Debug|x64 = Debug|x64
		Debug|x86 = Debug|x86
		Release|Any CPU = Release|Any CPU
		Release|x64 = Release|x64
		Release|x86 = Release|x86
	EndGlobalSection
	GlobalSection(ProjectConfigurationPlatforms) = postSolution
		{FFF43CA9-6E76-4937-9595-5EF37C4186A3}.Debug|Any CPU.ActiveCfg = Debug|Any CPU
		{FFF43CA9-6E76-4937-9595-5EF37C4186A3}.Debug|Any CPU.Build.0 = Debug|Any CPU
		{FFF43CA9-6E76-4937-9595-5EF37C4186A3}.Debug|x64.ActiveCfg = Debug|Any CPU
		{FFF43CA9-6E76-4937-9595-5EF37C4186A3}.Debug|x64.Build.0 = Debug|Any CPU
		{FFF43CA9-6E76-4937-9595-5EF37C4186A3}.Debug|x86.ActiveCfg = Debug|Any CPU
		{FFF43CA9-6E76-4937-9595-5EF37C4186A3}.Debug|x86.Build.0 = Debug|Any CPU
		{FFF43CA9-6E76-4937-9595-5EF37C4186A3}.Release|Any CPU.ActiveCfg = Release|Any CPU
		{FFF43CA9-6E76-4937-9595-5EF37C4186A3}.Release|Any CPU.Build.0 = Release|Any CPU
		{FFF43CA9-6E76-4937-9595-5EF37C4186A3}.Release|x64.ActiveCfg = Release|Any CPU
		{FFF43CA9-6E76-4937-9595-5EF37C4186A3}.Release|x64.Build.0 = Release|Any CPU
		{FFF43CA9-6E76-4937-9595-5EF37C4186A3}.Release|x86.ActiveCfg = Release|Any CPU
		{FFF43CA9-6E76-4937-9595-5EF37C4186A3}.Release|x86.Build.0 = Release|Any CPU
		{877C2D0B-D184-4C4E-A749-2C847FE651CD}.Debug|Any CPU.ActiveCfg = Debug|Any CPU
		{877C2D0B-D184-4C4E-A749-2C847FE651CD}.Debug|Any CPU.Build.0 = Debug|Any CPU
		{877C2D0B-D184-4C4E-A749-2C847FE651CD}.Debug|x64.ActiveCfg = Debug|Any CPU
		{877C2D0B-D184-4C4E-A749-2C847FE651CD}.Debug|x64.Build.0 = Debug|Any CPU
		{877C2D0B-D184-4C4E-A749-2C847FE651CD}.Debug|x86.ActiveCfg = Debug|Any CPU
		{877C2D0B-D184-4C4E-A749-2C847FE651CD}.Debug|x86.Build.0 = Debug|Any CPU
		{877C2D0B-D184-4C4E-A749-2C847FE651CD}.Release|Any CPU.ActiveCfg = Release|Any CPU
		{877C2D0B-D184-4C4E-A749-2C847FE651CD}.Release|Any CPU.Build.0 = Release|Any CPU
		{877C2D0B-D184-4C4E-A749-2C847FE651CD}.Release|x64.ActiveCfg = Release|Any CPU
		{877C2D0B-D184-4C4E-A749-2C847FE651CD}.Release|x64.Build.0 = Release|Any CPU
		{877C2D0B-D184-4C4E-A749-2C847FE651CD}.Release|x86.ActiveCfg = Release|Any CPU
		{877C2D0B-D184-4C4E-A749-2C847FE651CD}.Release|x86.Build.0 = Release|Any CPU
		{57FEB409-99D7-4D66-A3FF-A85E6C8F8E8A}.Debug|Any CPU.ActiveCfg = Debug|Any CPU
		{57FEB409-99D7-4D66-A3FF-A85E6C8F8E8A}.Debug|Any CPU.Build.0 = Debug|Any CPU
		{57FEB409-99D7-4D66-A3FF-A85E6C8F8E8A}.Debug|x64.ActiveCfg = Debug|Any CPU
		{57FEB409-99D7-4D66-A3FF-A85E6C8F8E8A}.Debug|x64.Build.0 = Debug|Any CPU
		{57FEB409-99D7-4D66-A3FF-A85E6C8F8E8A}.Debug|x86.ActiveCfg = Debug|Any CPU
		{57FEB409-99D7-4D66-A3FF-A85E6C8F8E8A}.Debug|x86.Build.0 = Debug|Any CPU
		{57FEB409-99D7-4D66-A3FF-A85E6C8F8E8A}.Release|Any CPU.ActiveCfg = Release|Any CPU
		{57FEB409-99D7-4D66-A3FF-A85E6C8F8E8A}.Release|Any CPU.Build.0 = Release|Any CPU
		{57FEB409-99D7-4D66-A3FF-A85E6C8F8E8A}.Release|x64.ActiveCfg = Release|Any CPU
		{57FEB409-99D7-4D66-A3FF-A85E6C8F8E8A}.Release|x64.Build.0 = Release|Any CPU
		{57FEB409-99D7-4D66-A3FF-A85E6C8F8E8A}.Release|x86.ActiveCfg = Release|Any CPU
		{57FEB409-99D7-4D66-A3FF-A85E6C8F8E8A}.Release|x86.Build.0 = Release|Any CPU
		{D8BD8A60-CC78-433C-979A-923C688D8EF6}.Debug|Any CPU.ActiveCfg = Debug|Any CPU
		{D8BD8A60-CC78-433C-979A-923C688D8EF6}.Debug|Any CPU.Build.0 = Debug|Any CPU
		{D8BD8A60-CC78-433C-979A-923C688D8EF6}.Debug|x64.ActiveCfg = Debug|Any CPU
		{D8BD8A60-CC78-433C-979A-923C688D8EF6}.Debug|x64.Build.0 = Debug|Any CPU
		{D8BD8A60-CC78-433C-979A-923C688D8EF6}.Debug|x86.ActiveCfg = Debug|Any CPU
		{D8BD8A60-CC78-433C-979A-923C688D8EF6}.Debug|x86.Build.0 = Debug|Any CPU
		{D8BD8A60-CC78-433C-979A-923C688D8EF6}.Release|Any CPU.ActiveCfg = Release|Any CPU
		{D8BD8A60-CC78-433C-979A-923C688D8EF6}.Release|Any CPU.Build.0 = Release|Any CPU
		{D8BD8A60-CC78-433C-979A-923C688D8EF6}.Release|x64.ActiveCfg = Release|Any CPU
		{D8BD8A60-CC78-433C-979A-923C688D8EF6}.Release|x64.Build.0 = Release|Any CPU
		{D8BD8A60-CC78-433C-979A-923C688D8EF6}.Release|x86.ActiveCfg = Release|Any CPU
		{D8BD8A60-CC78-433C-979A-923C688D8EF6}.Release|x86.Build.0 = Release|Any CPU
		{6D7209A3-8863-4033-917A-FFA6C4AD387D}.Debug|Any CPU.ActiveCfg = Debug|Any CPU
		{6D7209A3-8863-4033-917A-FFA6C4AD387D}.Debug|Any CPU.Build.0 = Debug|Any CPU
		{6D7209A3-8863-4033-917A-FFA6C4AD387D}.Debug|x64.ActiveCfg = Debug|Any CPU
		{6D7209A3-8863-4033-917A-FFA6C4AD387D}.Debug|x64.Build.0 = Debug|Any CPU
		{6D7209A3-8863-4033-917A-FFA6C4AD387D}.Debug|x86.ActiveCfg = Debug|Any CPU
		{6D7209A3-8863-4033-917A-FFA6C4AD387D}.Debug|x86.Build.0 = Debug|Any CPU
		{6D7209A3-8863-4033-917A-FFA6C4AD387D}.Release|Any CPU.ActiveCfg = Release|Any CPU
		{6D7209A3-8863-4033-917A-FFA6C4AD387D}.Release|Any CPU.Build.0 = Release|Any CPU
		{6D7209A3-8863-4033-917A-FFA6C4AD387D}.Release|x64.ActiveCfg = Release|Any CPU
		{6D7209A3-8863-4033-917A-FFA6C4AD387D}.Release|x64.Build.0 = Release|Any CPU
		{6D7209A3-8863-4033-917A-FFA6C4AD387D}.Release|x86.ActiveCfg = Release|Any CPU
		{6D7209A3-8863-4033-917A-FFA6C4AD387D}.Release|x86.Build.0 = Release|Any CPU
		{09B26E96-E11B-4032-8AD5-136ED3A4B89D}.Debug|Any CPU.ActiveCfg = Debug|Any CPU
		{09B26E96-E11B-4032-8AD5-136ED3A4B89D}.Debug|Any CPU.Build.0 = Debug|Any CPU
		{09B26E96-E11B-4032-8AD5-136ED3A4B89D}.Debug|x64.ActiveCfg = Debug|Any CPU
		{09B26E96-E11B-4032-8AD5-136ED3A4B89D}.Debug|x64.Build.0 = Debug|Any CPU
		{09B26E96-E11B-4032-8AD5-136ED3A4B89D}.Debug|x86.ActiveCfg = Debug|Any CPU
		{09B26E96-E11B-4032-8AD5-136ED3A4B89D}.Debug|x86.Build.0 = Debug|Any CPU
		{09B26E96-E11B-4032-8AD5-136ED3A4B89D}.Release|Any CPU.ActiveCfg = Release|Any CPU
		{09B26E96-E11B-4032-8AD5-136ED3A4B89D}.Release|Any CPU.Build.0 = Release|Any CPU
		{09B26E96-E11B-4032-8AD5-136ED3A4B89D}.Release|x64.ActiveCfg = Release|Any CPU
		{09B26E96-E11B-4032-8AD5-136ED3A4B89D}.Release|x64.Build.0 = Release|Any CPU
		{09B26E96-E11B-4032-8AD5-136ED3A4B89D}.Release|x86.ActiveCfg = Release|Any CPU
		{09B26E96-E11B-4032-8AD5-136ED3A4B89D}.Release|x86.Build.0 = Release|Any CPU
		{6D943F49-D5B8-4945-B21D-C327D14500C3}.Debug|Any CPU.ActiveCfg = Debug|Any CPU
		{6D943F49-D5B8-4945-B21D-C327D14500C3}.Debug|Any CPU.Build.0 = Debug|Any CPU
		{6D943F49-D5B8-4945-B21D-C327D14500C3}.Debug|x64.ActiveCfg = Debug|Any CPU
		{6D943F49-D5B8-4945-B21D-C327D14500C3}.Debug|x64.Build.0 = Debug|Any CPU
		{6D943F49-D5B8-4945-B21D-C327D14500C3}.Debug|x86.ActiveCfg = Debug|Any CPU
		{6D943F49-D5B8-4945-B21D-C327D14500C3}.Debug|x86.Build.0 = Debug|Any CPU
		{6D943F49-D5B8-4945-B21D-C327D14500C3}.Release|Any CPU.ActiveCfg = Release|Any CPU
		{6D943F49-D5B8-4945-B21D-C327D14500C3}.Release|Any CPU.Build.0 = Release|Any CPU
		{6D943F49-D5B8-4945-B21D-C327D14500C3}.Release|x64.ActiveCfg = Release|Any CPU
		{6D943F49-D5B8-4945-B21D-C327D14500C3}.Release|x64.Build.0 = Release|Any CPU
		{6D943F49-D5B8-4945-B21D-C327D14500C3}.Release|x86.ActiveCfg = Release|Any CPU
		{6D943F49-D5B8-4945-B21D-C327D14500C3}.Release|x86.Build.0 = Release|Any CPU
		{56CB006B-9CEE-4C6A-93AF-999357E7A5C4}.Debug|Any CPU.ActiveCfg = Debug|Any CPU
		{56CB006B-9CEE-4C6A-93AF-999357E7A5C4}.Debug|Any CPU.Build.0 = Debug|Any CPU
		{56CB006B-9CEE-4C6A-93AF-999357E7A5C4}.Debug|x64.ActiveCfg = Debug|Any CPU
		{56CB006B-9CEE-4C6A-93AF-999357E7A5C4}.Debug|x64.Build.0 = Debug|Any CPU
		{56CB006B-9CEE-4C6A-93AF-999357E7A5C4}.Debug|x86.ActiveCfg = Debug|Any CPU
		{56CB006B-9CEE-4C6A-93AF-999357E7A5C4}.Debug|x86.Build.0 = Debug|Any CPU
		{56CB006B-9CEE-4C6A-93AF-999357E7A5C4}.Release|Any CPU.ActiveCfg = Release|Any CPU
		{56CB006B-9CEE-4C6A-93AF-999357E7A5C4}.Release|Any CPU.Build.0 = Release|Any CPU
		{56CB006B-9CEE-4C6A-93AF-999357E7A5C4}.Release|x64.ActiveCfg = Release|Any CPU
		{56CB006B-9CEE-4C6A-93AF-999357E7A5C4}.Release|x64.Build.0 = Release|Any CPU
		{56CB006B-9CEE-4C6A-93AF-999357E7A5C4}.Release|x86.ActiveCfg = Release|Any CPU
		{56CB006B-9CEE-4C6A-93AF-999357E7A5C4}.Release|x86.Build.0 = Release|Any CPU
		{6E3E4198-2659-45A5-ADC6-4E708A4635B0}.Debug|Any CPU.ActiveCfg = Debug|Any CPU
		{6E3E4198-2659-45A5-ADC6-4E708A4635B0}.Debug|Any CPU.Build.0 = Debug|Any CPU
		{6E3E4198-2659-45A5-ADC6-4E708A4635B0}.Debug|x64.ActiveCfg = Debug|Any CPU
		{6E3E4198-2659-45A5-ADC6-4E708A4635B0}.Debug|x64.Build.0 = Debug|Any CPU
		{6E3E4198-2659-45A5-ADC6-4E708A4635B0}.Debug|x86.ActiveCfg = Debug|Any CPU
		{6E3E4198-2659-45A5-ADC6-4E708A4635B0}.Debug|x86.Build.0 = Debug|Any CPU
		{6E3E4198-2659-45A5-ADC6-4E708A4635B0}.Release|Any CPU.ActiveCfg = Release|Any CPU
		{6E3E4198-2659-45A5-ADC6-4E708A4635B0}.Release|Any CPU.Build.0 = Release|Any CPU
		{6E3E4198-2659-45A5-ADC6-4E708A4635B0}.Release|x64.ActiveCfg = Release|Any CPU
		{6E3E4198-2659-45A5-ADC6-4E708A4635B0}.Release|x64.Build.0 = Release|Any CPU
		{6E3E4198-2659-45A5-ADC6-4E708A4635B0}.Release|x86.ActiveCfg = Release|Any CPU
		{6E3E4198-2659-45A5-ADC6-4E708A4635B0}.Release|x86.Build.0 = Release|Any CPU
		{2E0FA86F-C22C-45C8-A78B-D2470117EF73}.Debug|Any CPU.ActiveCfg = Debug|Any CPU
		{2E0FA86F-C22C-45C8-A78B-D2470117EF73}.Debug|Any CPU.Build.0 = Debug|Any CPU
		{2E0FA86F-C22C-45C8-A78B-D2470117EF73}.Debug|x64.ActiveCfg = Debug|Any CPU
		{2E0FA86F-C22C-45C8-A78B-D2470117EF73}.Debug|x64.Build.0 = Debug|Any CPU
		{2E0FA86F-C22C-45C8-A78B-D2470117EF73}.Debug|x86.ActiveCfg = Debug|Any CPU
		{2E0FA86F-C22C-45C8-A78B-D2470117EF73}.Debug|x86.Build.0 = Debug|Any CPU
		{2E0FA86F-C22C-45C8-A78B-D2470117EF73}.Release|Any CPU.ActiveCfg = Release|Any CPU
		{2E0FA86F-C22C-45C8-A78B-D2470117EF73}.Release|Any CPU.Build.0 = Release|Any CPU
		{2E0FA86F-C22C-45C8-A78B-D2470117EF73}.Release|x64.ActiveCfg = Release|Any CPU
		{2E0FA86F-C22C-45C8-A78B-D2470117EF73}.Release|x64.Build.0 = Release|Any CPU
		{2E0FA86F-C22C-45C8-A78B-D2470117EF73}.Release|x86.ActiveCfg = Release|Any CPU
		{2E0FA86F-C22C-45C8-A78B-D2470117EF73}.Release|x86.Build.0 = Release|Any CPU
		{C2B4535D-6F32-49D6-934F-0F17316DFE33}.Debug|Any CPU.ActiveCfg = Debug|Any CPU
		{C2B4535D-6F32-49D6-934F-0F17316DFE33}.Debug|Any CPU.Build.0 = Debug|Any CPU
		{C2B4535D-6F32-49D6-934F-0F17316DFE33}.Debug|x64.ActiveCfg = Debug|Any CPU
		{C2B4535D-6F32-49D6-934F-0F17316DFE33}.Debug|x64.Build.0 = Debug|Any CPU
		{C2B4535D-6F32-49D6-934F-0F17316DFE33}.Debug|x86.ActiveCfg = Debug|Any CPU
		{C2B4535D-6F32-49D6-934F-0F17316DFE33}.Debug|x86.Build.0 = Debug|Any CPU
		{C2B4535D-6F32-49D6-934F-0F17316DFE33}.Release|Any CPU.ActiveCfg = Release|Any CPU
		{C2B4535D-6F32-49D6-934F-0F17316DFE33}.Release|Any CPU.Build.0 = Release|Any CPU
		{C2B4535D-6F32-49D6-934F-0F17316DFE33}.Release|x64.ActiveCfg = Release|Any CPU
		{C2B4535D-6F32-49D6-934F-0F17316DFE33}.Release|x64.Build.0 = Release|Any CPU
		{C2B4535D-6F32-49D6-934F-0F17316DFE33}.Release|x86.ActiveCfg = Release|Any CPU
		{C2B4535D-6F32-49D6-934F-0F17316DFE33}.Release|x86.Build.0 = Release|Any CPU
		{1442D956-65D9-4F50-90A6-A9DBCB5CADBC}.Debug|Any CPU.ActiveCfg = Debug|Any CPU
		{1442D956-65D9-4F50-90A6-A9DBCB5CADBC}.Debug|Any CPU.Build.0 = Debug|Any CPU
		{1442D956-65D9-4F50-90A6-A9DBCB5CADBC}.Debug|x64.ActiveCfg = Debug|Any CPU
		{1442D956-65D9-4F50-90A6-A9DBCB5CADBC}.Debug|x64.Build.0 = Debug|Any CPU
		{1442D956-65D9-4F50-90A6-A9DBCB5CADBC}.Debug|x86.ActiveCfg = Debug|Any CPU
		{1442D956-65D9-4F50-90A6-A9DBCB5CADBC}.Debug|x86.Build.0 = Debug|Any CPU
		{1442D956-65D9-4F50-90A6-A9DBCB5CADBC}.Release|Any CPU.ActiveCfg = Release|Any CPU
		{1442D956-65D9-4F50-90A6-A9DBCB5CADBC}.Release|Any CPU.Build.0 = Release|Any CPU
		{1442D956-65D9-4F50-90A6-A9DBCB5CADBC}.Release|x64.ActiveCfg = Release|Any CPU
		{1442D956-65D9-4F50-90A6-A9DBCB5CADBC}.Release|x64.Build.0 = Release|Any CPU
		{1442D956-65D9-4F50-90A6-A9DBCB5CADBC}.Release|x86.ActiveCfg = Release|Any CPU
		{1442D956-65D9-4F50-90A6-A9DBCB5CADBC}.Release|x86.Build.0 = Release|Any CPU
		{B43D62C0-008C-49A7-879A-7B3DADB7100B}.Debug|Any CPU.ActiveCfg = Debug|Any CPU
		{B43D62C0-008C-49A7-879A-7B3DADB7100B}.Debug|Any CPU.Build.0 = Debug|Any CPU
		{B43D62C0-008C-49A7-879A-7B3DADB7100B}.Debug|x64.ActiveCfg = Debug|Any CPU
		{B43D62C0-008C-49A7-879A-7B3DADB7100B}.Debug|x64.Build.0 = Debug|Any CPU
		{B43D62C0-008C-49A7-879A-7B3DADB7100B}.Debug|x86.ActiveCfg = Debug|Any CPU
		{B43D62C0-008C-49A7-879A-7B3DADB7100B}.Debug|x86.Build.0 = Debug|Any CPU
		{B43D62C0-008C-49A7-879A-7B3DADB7100B}.Release|Any CPU.ActiveCfg = Release|Any CPU
		{B43D62C0-008C-49A7-879A-7B3DADB7100B}.Release|Any CPU.Build.0 = Release|Any CPU
		{B43D62C0-008C-49A7-879A-7B3DADB7100B}.Release|x64.ActiveCfg = Release|Any CPU
		{B43D62C0-008C-49A7-879A-7B3DADB7100B}.Release|x64.Build.0 = Release|Any CPU
		{B43D62C0-008C-49A7-879A-7B3DADB7100B}.Release|x86.ActiveCfg = Release|Any CPU
		{B43D62C0-008C-49A7-879A-7B3DADB7100B}.Release|x86.Build.0 = Release|Any CPU
		{A0DFA51A-D5AC-4623-BA0D-7E47AC4221D3}.Debug|Any CPU.ActiveCfg = Debug|Any CPU
		{A0DFA51A-D5AC-4623-BA0D-7E47AC4221D3}.Debug|Any CPU.Build.0 = Debug|Any CPU
		{A0DFA51A-D5AC-4623-BA0D-7E47AC4221D3}.Debug|x64.ActiveCfg = Debug|Any CPU
		{A0DFA51A-D5AC-4623-BA0D-7E47AC4221D3}.Debug|x64.Build.0 = Debug|Any CPU
		{A0DFA51A-D5AC-4623-BA0D-7E47AC4221D3}.Debug|x86.ActiveCfg = Debug|Any CPU
		{A0DFA51A-D5AC-4623-BA0D-7E47AC4221D3}.Debug|x86.Build.0 = Debug|Any CPU
		{A0DFA51A-D5AC-4623-BA0D-7E47AC4221D3}.Release|Any CPU.ActiveCfg = Release|Any CPU
		{A0DFA51A-D5AC-4623-BA0D-7E47AC4221D3}.Release|Any CPU.Build.0 = Release|Any CPU
		{A0DFA51A-D5AC-4623-BA0D-7E47AC4221D3}.Release|x64.ActiveCfg = Release|Any CPU
		{A0DFA51A-D5AC-4623-BA0D-7E47AC4221D3}.Release|x64.Build.0 = Release|Any CPU
		{A0DFA51A-D5AC-4623-BA0D-7E47AC4221D3}.Release|x86.ActiveCfg = Release|Any CPU
		{A0DFA51A-D5AC-4623-BA0D-7E47AC4221D3}.Release|x86.Build.0 = Release|Any CPU
	EndGlobalSection
	GlobalSection(SolutionProperties) = preSolution
		HideSolutionNode = FALSE
	EndGlobalSection
	GlobalSection(NestedProjects) = preSolution
		{FFF43CA9-6E76-4937-9595-5EF37C4186A3} = {827E0CD3-B72D-47B6-A68D-7590B98EB39B}
		{877C2D0B-D184-4C4E-A749-2C847FE651CD} = {827E0CD3-B72D-47B6-A68D-7590B98EB39B}
		{57FEB409-99D7-4D66-A3FF-A85E6C8F8E8A} = {827E0CD3-B72D-47B6-A68D-7590B98EB39B}
		{D8BD8A60-CC78-433C-979A-923C688D8EF6} = {827E0CD3-B72D-47B6-A68D-7590B98EB39B}
		{6D7209A3-8863-4033-917A-FFA6C4AD387D} = {827E0CD3-B72D-47B6-A68D-7590B98EB39B}
		{09B26E96-E11B-4032-8AD5-136ED3A4B89D} = {827E0CD3-B72D-47B6-A68D-7590B98EB39B}
		{6D943F49-D5B8-4945-B21D-C327D14500C3} = {827E0CD3-B72D-47B6-A68D-7590B98EB39B}
		{56CB006B-9CEE-4C6A-93AF-999357E7A5C4} = {827E0CD3-B72D-47B6-A68D-7590B98EB39B}
		{6E3E4198-2659-45A5-ADC6-4E708A4635B0} = {827E0CD3-B72D-47B6-A68D-7590B98EB39B}
		{2E0FA86F-C22C-45C8-A78B-D2470117EF73} = {827E0CD3-B72D-47B6-A68D-7590B98EB39B}
		{C2B4535D-6F32-49D6-934F-0F17316DFE33} = {827E0CD3-B72D-47B6-A68D-7590B98EB39B}
		{1442D956-65D9-4F50-90A6-A9DBCB5CADBC} = {827E0CD3-B72D-47B6-A68D-7590B98EB39B}
		{B43D62C0-008C-49A7-879A-7B3DADB7100B} = {827E0CD3-B72D-47B6-A68D-7590B98EB39B}
		{A0DFA51A-D5AC-4623-BA0D-7E47AC4221D3} = {0AB3BF05-4346-4AA6-1389-037BE0695223}
	EndGlobalSection
	GlobalSection(ExtensibilityGlobals) = postSolution
		SolutionGuid = {296F7E42-2B19-45BA-A983-C21BF74D5A3D}
	EndGlobalSection
EndGlobal
